{
  "name": "webhook-allowlist",
  "version": "2.1.0",
  "lockfileVersion": 3,
  "requires": true,
  "packages": {
    "": {
      "name": "webhook-allowlist",
      "version": "2.1.0",
      "license": "MIT",
      "dependencies": {
        "hostfence": "github:hon900/hostfence#v1.3.0"
      },
      "engines": {
        "node": ">=18.18.0"
      }
    },
    "node_modules/hostfence": {
      "version": "1.3.0",
      "resolved": "git+ssh://git@github.com/hon900/hostfence.git#fc41f2b6ca9693b08c7598c38905e4dff302285b",
      "license": "MIT",
      "engines": {
        "node": ">=18.18.0"
      }
    }
  }
}
